
Microsoft Visual Studio Solution File, Format Version 11.00
# Visual Studio 2010
Project("{FAE04EC0-301F-11D3-BF4B-00C04F79EFBC}") = "Assembly-CSharp", "Assembly-CSharp.csproj", "{e122fb36-6ab2-717b-2ba0-8b64b5b83b8d}"
EndProject
Project("{FAE04EC0-301F-11D3-BF4B-00C04F79EFBC}") = "Assembly-CSharp-Editor", "Assembly-CSharp-Editor.csproj", "{e2ed3530-890d-2fa3-503c-542e76ec5baf}"
EndProject
Global
	GlobalSection(SolutionConfigurationPlatforms) = preSolution
		Debug|Any CPU = Debug|Any CPU
	EndGlobalSection
	GlobalSection(ProjectConfigurationPlatforms) = postSolution
		{e122fb36-6ab2-717b-2ba0-8b64b5b83b8d}.Debug|Any CPU.ActiveCfg = Debug|Any CPU
		{e122fb36-6ab2-717b-2ba0-8b64b5b83b8d}.Debug|Any CPU.Build.0 = Debug|Any CPU
		{e2ed3530-890d-2fa3-503c-542e76ec5baf}.Debug|Any CPU.ActiveCfg = Debug|Any CPU
		{e2ed3530-890d-2fa3-503c-542e76ec5baf}.Debug|Any CPU.Build.0 = Debug|Any CPU
	EndGlobalSection
	GlobalSection(SolutionProperties) = preSolution
		HideSolutionNode = FALSE
	EndGlobalSection
EndGlobal
